
Microsoft Visual Studio Solution File, Format Version 12.00
# Visual Studio 15
VisualStudioVersion = 15.0.27130.2027
MinimumVisualStudioVersion = 10.0.40219.1
Project("{FAE04EC0-301F-11D3-BF4B-00C04F79EFBC}") = "MultiWordHighlight", "MultiWordHighlight\MultiWordHighlight.csproj", "{8900737E-ACAE-4B14-BFD4-73BCCB8E8E69}"
EndProject
Global
	GlobalSection(SolutionConfigurationPlatforms) = preSolution
		Debug|Any CPU = Debug|Any CPU
		Release|Any CPU = Release|Any CPU
	EndGlobalSection
	GlobalSection(ProjectConfigurationPlatforms) = postSolution
		{8900737E-ACAE-4B14-BFD4-73BCCB8E8E69}.Debug|Any CPU.ActiveCfg = Debug|Any CPU
		{8900737E-ACAE-4B14-BFD4-73BCCB8E8E69}.Debug|Any CPU.Build.0 = Debug|Any CPU
		{8900737E-ACAE-4B14-BFD4-73BCCB8E8E69}.Release|Any CPU.ActiveCfg = Release|Any CPU
		{8900737E-ACAE-4B14-BFD4-73BCCB8E8E69}.Release|Any CPU.Build.0 = Release|Any CPU
	EndGlobalSection
	GlobalSection(SolutionProperties) = preSolution
		HideSolutionNode = FALSE
	EndGlobalSection
	GlobalSection(ExtensibilityGlobals) = postSolution
		SolutionGuid = {E1618114-6B8D-4741-BFA3-78C40EF85482}
	EndGlobalSection
EndGlobal
